// !$*UTF8*$!
{
	archiveVersion = 1;
	classes = {
	};
	objectVersion = 46;
	objects = {

/* Begin PBXBuildFile section */
		C6530CC51CD006CD00483A96 /* fariseopubblicano.html in Resources */ = {isa = PBXBuildFile; fileRef = C6530CBF1CD006CD00483A96 /* fariseopubblicano.html */; };
		C6530CC61CD006CD00483A96 /* ilgiudiceelavedova.html in Resources */ = {isa = PBXBuildFile; fileRef = C6530CC01CD006CD00483A96 /* ilgiudiceelavedova.html */; };
		C6530CC71CD006CD00483A96 /* ilriccoeilpoverolazzaro.html in Resources */ = {isa = PBXBuildFile; fileRef = C6530CC11CD006CD00483A96 /* ilriccoeilpoverolazzaro.html */; };
		C6530CC81CD006CD00483A96 /* ladonnaadultera.html in Resources */ = {isa = PBXBuildFile; fileRef = C6530CC21CD006CD00483A96 /* ladonnaadultera.html */; };
		C6530CC91CD006CD00483A96 /* lasamaritanaalpozzodigiacobbe.html in Resources */ = {isa = PBXBuildFile; fileRef = C6530CC31CD006CD00483A96 /* lasamaritanaalpozzodigiacobbe.html */; };
		C6530CCA1CD006CD00483A96 /* zaccheo.html in Resources */ = {isa = PBXBuildFile; fileRef = C6530CC41CD006CD00483A96 /* zaccheo.html */; };
		C65DE5081CD3EEA6001F0166 /* EventiTableViewCell.swift in Sources */ = {isa = PBXBuildFile; fileRef = C65DE5071CD3EEA6001F0166 /* EventiTableViewCell.swift */; };
		C66A00861CB59EBC00AB873D /* MapKit.framework in Frameworks */ = {isa = PBXBuildFile; fileRef = C66A00851CB59EBC00AB873D /* MapKit.framework */; };
		C66A008C1CB59F2300AB873D /* IndicationsIcon.ico in Resources */ = {isa = PBXBuildFile; fileRef = C66A00881CB59F2300AB873D /* IndicationsIcon.ico */; };
		C66A008D1CB59F2300AB873D /* Artwork.swift in Sources */ = {isa = PBXBuildFile; fileRef = C66A00891CB59F2300AB873D /* Artwork.swift */; };
		C66A008E1CB59F2300AB873D /* IndicazioniViewController.swift in Sources */ = {isa = PBXBuildFile; fileRef = C66A008A1CB59F2300AB873D /* IndicazioniViewController.swift */; };
		C66A008F1CB59F2300AB873D /* VCMapView.swift in Sources */ = {isa = PBXBuildFile; fileRef = C66A008B1CB59F2300AB873D /* VCMapView.swift */; };
		C66A00981CB59F4700AB873D /* ParaboleModel.swift in Sources */ = {isa = PBXBuildFile; fileRef = C66A00921CB59F4700AB873D /* ParaboleModel.swift */; };
		C66A00991CB59F4700AB873D /* Parabola.swift in Sources */ = {isa = PBXBuildFile; fileRef = C66A00931CB59F4700AB873D /* Parabola.swift */; };
		C66A009A1CB59F4700AB873D /* iduedebitoridelcreditore.html in Resources */ = {isa = PBXBuildFile; fileRef = C66A00941CB59F4700AB873D /* iduedebitoridelcreditore.html */; };
		C66A009B1CB59F4700AB873D /* ilbuonsamaritano.html in Resources */ = {isa = PBXBuildFile; fileRef = C66A00951CB59F4700AB873D /* ilbuonsamaritano.html */; };
		C66A009C1CB59F4700AB873D /* lapecoraeladracma.html in Resources */ = {isa = PBXBuildFile; fileRef = C66A00961CB59F4700AB873D /* lapecoraeladracma.html */; };
		C66A009D1CB59F4700AB873D /* padremisericordioso.html in Resources */ = {isa = PBXBuildFile; fileRef = C66A00971CB59F4700AB873D /* padremisericordioso.html */; };
		C66A00A21CB59F6900AB873D /* ParabolaViewController.swift in Sources */ = {isa = PBXBuildFile; fileRef = C66A009F1CB59F6900AB873D /* ParabolaViewController.swift */; };
		C66A00A31CB59F6900AB873D /* ParaboleChooserViewController.swift in Sources */ = {isa = PBXBuildFile; fileRef = C66A00A01CB59F6900AB873D /* ParaboleChooserViewController.swift */; };
		C66A00A41CB59F6900AB873D /* ParabolaTableViewController.swift in Sources */ = {isa = PBXBuildFile; fileRef = C66A00A11CB59F6900AB873D /* ParabolaTableViewController.swift */; };
		C66A00A71CB59F7B00AB873D /* ParabolaTableViewCell.swift in Sources */ = {isa = PBXBuildFile; fileRef = C66A00A61CB59F7B00AB873D /* ParabolaTableViewCell.swift */; };
		C66A00A91CB5A00700AB873D /* Main.storyboard in Resources */ = {isa = PBXBuildFile; fileRef = C66A00A81CB5A00700AB873D /* Main.storyboard */; };
		C66A00AB1CB5A03800AB873D /* LiveViewController.swift in Sources */ = {isa = PBXBuildFile; fileRef = C66A00AA1CB5A03800AB873D /* LiveViewController.swift */; };
		C66A00AF1CB5A04700AB873D /* TabBarViewController.swift in Sources */ = {isa = PBXBuildFile; fileRef = C66A00AD1CB5A04700AB873D /* TabBarViewController.swift */; };
		C66A00B11CB5A05300AB873D /* AppDelegate.swift in Sources */ = {isa = PBXBuildFile; fileRef = C66A00B01CB5A05300AB873D /* AppDelegate.swift */; };
		C66A00B51CB5A06A00AB873D /* LaunchScreen.storyboard in Resources */ = {isa = PBXBuildFile; fileRef = C66A00B41CB5A06A00AB873D /* LaunchScreen.storyboard */; };
		C67D899D1CD3F39400B8B9AD /* EventiTableViewController.swift in Sources */ = {isa = PBXBuildFile; fileRef = C67D899C1CD3F39400B8B9AD /* EventiTableViewController.swift */; };
		C67D899F1CD3F97300B8B9AD /* EventiViewController.swift in Sources */ = {isa = PBXBuildFile; fileRef = C67D899E1CD3F97300B8B9AD /* EventiViewController.swift */; };
		C6C060EE1CB69134009BBAC9 /* Assets.xcassets in Resources */ = {isa = PBXBuildFile; fileRef = C6C060ED1CB69134009BBAC9 /* Assets.xcassets */; };
		C6C948251CD933D700C7B521 /* benvenuto.html in Resources */ = {isa = PBXBuildFile; fileRef = C6C948241CD933D700C7B521 /* benvenuto.html */; };
		CBC0EC82AAC4BD24AA756DEB /* libPods-5minXTE.a in Frameworks */ = {isa = PBXBuildFile; fileRef = 9CCB240462736C8E25FA04C1 /* libPods-5minXTE.a */; };
/* End PBXBuildFile section */

/* Begin PBXFileReference section */
		51456C2DCE192C31FC20465A /* Pods-5minXTE.debug.xcconfig */ = {isa = PBXFileReference; includeInIndex = 1; lastKnownFileType = text.xcconfig; name = "Pods-5minXTE.debug.xcconfig"; path = "Pods/Target Support Files/Pods-5minXTE/Pods-5minXTE.debug.xcconfig"; sourceTree = "<group>"; };
		84683C9B9D8FFFB1544E59C4 /* Pods-5minXTE.release.xcconfig */ = {isa = PBXFileReference; includeInIndex = 1; lastKnownFileType = text.xcconfig; name = "Pods-5minXTE.release.xcconfig"; path = "Pods/Target Support Files/Pods-5minXTE/Pods-5minXTE.release.xcconfig"; sourceTree = "<group>"; };
		9CCB240462736C8E25FA04C1 /* libPods-5minXTE.a */ = {isa = PBXFileReference; explicitFileType = archive.ar; includeInIndex = 0; path = "libPods-5minXTE.a"; sourceTree = BUILT_PRODUCTS_DIR; };
		C6530CBF1CD006CD00483A96 /* fariseopubblicano.html */ = {isa = PBXFileReference; fileEncoding = 4; lastKnownFileType = text.html; path = fariseopubblicano.html; sourceTree = "<group>"; };
		C6530CC01CD006CD00483A96 /* ilgiudiceelavedova.html */ = {isa = PBXFileReference; fileEncoding = 4; lastKnownFileType = text.html; path = ilgiudiceelavedova.html; sourceTree = "<group>"; };
		C6530CC11CD006CD00483A96 /* ilriccoeilpoverolazzaro.html */ = {isa = PBXFileReference; fileEncoding = 4; lastKnownFileType = text.html; path = ilriccoeilpoverolazzaro.html; sourceTree = "<group>"; };
		C6530CC21CD006CD00483A96 /* ladonnaadultera.html */ = {isa = PBXFileReference; fileEncoding = 4; lastKnownFileType = text.html; path = ladonnaadultera.html; sourceTree = "<group>"; };
		C6530CC31CD006CD00483A96 /* lasamaritanaalpozzodigiacobbe.html */ = {isa = PBXFileReference; fileEncoding = 4; lastKnownFileType = text.html; path = lasamaritanaalpozzodigiacobbe.html; sourceTree = "<group>"; };
		C6530CC41CD006CD00483A96 /* zaccheo.html */ = {isa = PBXFileReference; fileEncoding = 4; lastKnownFileType = text.html; path = zaccheo.html; sourceTree = "<group>"; };
		C65DE5071CD3EEA6001F0166 /* EventiTableViewCell.swift */ = {isa = PBXFileReference; fileEncoding = 4; lastKnownFileType = sourcecode.swift; path = EventiTableViewCell.swift; sourceTree = "<group>"; };
		C66A00701CB59E8800AB873D /* 5minXTE.app */ = {isa = PBXFileReference; explicitFileType = wrapper.application; includeInIndex = 0; path = 5minXTE.app; sourceTree = BUILT_PRODUCTS_DIR; };
		C66A007F1CB59E8800AB873D /* Info.plist */ = {isa = PBXFileReference; lastKnownFileType = text.plist.xml; path = Info.plist; sourceTree = "<group>"; };
		C66A00851CB59EBC00AB873D /* MapKit.framework */ = {isa = PBXFileReference; lastKnownFileType = wrapper.framework; name = MapKit.framework; path = System/Library/Frameworks/MapKit.framework; sourceTree = SDKROOT; };
		C66A00881CB59F2300AB873D /* IndicationsIcon.ico */ = {isa = PBXFileReference; lastKnownFileType = image.ico; path = IndicationsIcon.ico; sourceTree = "<group>"; };
		C66A00891CB59F2300AB873D /* Artwork.swift */ = {isa = PBXFileReference; fileEncoding = 4; lastKnownFileType = sourcecode.swift; path = Artwork.swift; sourceTree = "<group>"; };
		C66A008A1CB59F2300AB873D /* IndicazioniViewController.swift */ = {isa = PBXFileReference; fileEncoding = 4; lastKnownFileType = sourcecode.swift; path = IndicazioniViewController.swift; sourceTree = "<group>"; };
		C66A008B1CB59F2300AB873D /* VCMapView.swift */ = {isa = PBXFileReference; fileEncoding = 4; lastKnownFileType = sourcecode.swift; path = VCMapView.swift; sourceTree = "<group>"; };
		C66A00921CB59F4700AB873D /* ParaboleModel.swift */ = {isa = PBXFileReference; fileEncoding = 4; lastKnownFileType = sourcecode.swift; path = ParaboleModel.swift; sourceTree = "<group>"; };
		C66A00931CB59F4700AB873D /* Parabola.swift */ = {isa = PBXFileReference; fileEncoding = 4; lastKnownFileType = sourcecode.swift; path = Parabola.swift; sourceTree = "<group>"; };
		C66A00941CB59F4700AB873D /* iduedebitoridelcreditore.html */ = {isa = PBXFileReference; fileEncoding = 4; lastKnownFileType = text.html; path = iduedebitoridelcreditore.html; sourceTree = "<group>"; };
		C66A00951CB59F4700AB873D /* ilbuonsamaritano.html */ = {isa = PBXFileReference; fileEncoding = 4; lastKnownFileType = text.html; path = ilbuonsamaritano.html; sourceTree = "<group>"; };
		C66A00961CB59F4700AB873D /* lapecoraeladracma.html */ = {isa = PBXFileReference; fileEncoding = 4; lastKnownFileType = text.html; path = lapecoraeladracma.html; sourceTree = "<group>"; };
		C66A00971CB59F4700AB873D /* padremisericordioso.html */ = {isa = PBXFileReference; fileEncoding = 4; lastKnownFileType = text.html; path = padremisericordioso.html; sourceTree = "<group>"; };
		C66A009F1CB59F6900AB873D /* ParabolaViewController.swift */ = {isa = PBXFileReference; fileEncoding = 4; lastKnownFileType = sourcecode.swift; path = ParabolaViewController.swift; sourceTree = "<group>"; };
		C66A00A01CB59F6900AB873D /* ParaboleChooserViewController.swift */ = {isa = PBXFileReference; fileEncoding = 4; lastKnownFileType = sourcecode.swift; path = ParaboleChooserViewController.swift; sourceTree = "<group>"; };
		C66A00A11CB59F6900AB873D /* ParabolaTableViewController.swift */ = {isa = PBXFileReference; fileEncoding = 4; lastKnownFileType = sourcecode.swift; path = ParabolaTableViewController.swift; sourceTree = "<group>"; };
		C66A00A61CB59F7B00AB873D /* ParabolaTableViewCell.swift */ = {isa = PBXFileReference; fileEncoding = 4; lastKnownFileType = sourcecode.swift; path = ParabolaTableViewCell.swift; sourceTree = "<group>"; };
		C66A00A81CB5A00700AB873D /* Main.storyboard */ = {isa = PBXFileReference; fileEncoding = 4; lastKnownFileType = file.storyboard; path = Main.storyboard; sourceTree = "<group>"; };
		C66A00AA1CB5A03800AB873D /* LiveViewController.swift */ = {isa = PBXFileReference; fileEncoding = 4; lastKnownFileType = sourcecode.swift; path = LiveViewController.swift; sourceTree = "<group>"; };
		C66A00AD1CB5A04700AB873D /* TabBarViewController.swift */ = {isa = PBXFileReference; fileEncoding = 4; lastKnownFileType = sourcecode.swift; path = TabBarViewController.swift; sourceTree = "<group>"; };
		C66A00B01CB5A05300AB873D /* AppDelegate.swift */ = {isa = PBXFileReference; fileEncoding = 4; lastKnownFileType = sourcecode.swift; path = AppDelegate.swift; sourceTree = "<group>"; };
		C66A00B41CB5A06A00AB873D /* LaunchScreen.storyboard */ = {isa = PBXFileReference; fileEncoding = 4; lastKnownFileType = file.storyboard; path = LaunchScreen.storyboard; sourceTree = "<group>"; };
		C67D899C1CD3F39400B8B9AD /* EventiTableViewController.swift */ = {isa = PBXFileReference; fileEncoding = 4; lastKnownFileType = sourcecode.swift; path = EventiTableViewController.swift; sourceTree = "<group>"; };
		C67D899E1CD3F97300B8B9AD /* EventiViewController.swift */ = {isa = PBXFileReference; fileEncoding = 4; lastKnownFileType = sourcecode.swift; path = EventiViewController.swift; sourceTree = "<group>"; };
		C6C060ED1CB69134009BBAC9 /* Assets.xcassets */ = {isa = PBXFileReference; lastKnownFileType = folder.assetcatalog; path = Assets.xcassets; sourceTree = "<group>"; };
		C6C948241CD933D700C7B521 /* benvenuto.html */ = {isa = PBXFileReference; fileEncoding = 4; lastKnownFileType = text.html; path = benvenuto.html; sourceTree = "<group>"; };
/* End PBXFileReference section */

/* Begin PBXFrameworksBuildPhase section */
		C66A006D1CB59E8800AB873D /* Frameworks */ = {
			isa = PBXFrameworksBuildPhase;
			buildActionMask = 2147483647;
			files = (
				C66A00861CB59EBC00AB873D /* MapKit.framework in Frameworks */,
				CBC0EC82AAC4BD24AA756DEB /* libPods-5minXTE.a in Frameworks */,
			);
			runOnlyForDeploymentPostprocessing = 0;
		};
/* End PBXFrameworksBuildPhase section */

/* Begin PBXGroup section */
		0D9C8DFAC07DDD06BE2464E5 /* Pods */ = {
			isa = PBXGroup;
			children = (
				51456C2DCE192C31FC20465A /* Pods-5minXTE.debug.xcconfig */,
				84683C9B9D8FFFB1544E59C4 /* Pods-5minXTE.release.xcconfig */,
			);
			name = Pods;
			sourceTree = "<group>";
		};
		C6031F771CD4010E005C5811 /* Live */ = {
			isa = PBXGroup;
			children = (
				C66A00AA1CB5A03800AB873D /* LiveViewController.swift */,
			);
			name = Live;
			sourceTree = "<group>";
		};
		C66A00671CB59E8800AB873D = {
			isa = PBXGroup;
			children = (
				C66A00851CB59EBC00AB873D /* MapKit.framework */,
				C66A00721CB59E8800AB873D /* 5minXTE */,
				C66A00711CB59E8800AB873D /* Products */,
				0D9C8DFAC07DDD06BE2464E5 /* Pods */,
				F3FC22D0526D4FAC957AE865 /* Frameworks */,
			);
			sourceTree = "<group>";
		};
		C66A00711CB59E8800AB873D /* Products */ = {
			isa = PBXGroup;
			children = (
				C66A00701CB59E8800AB873D /* 5minXTE.app */,
			);
			name = Products;
			sourceTree = "<group>";
		};
		C66A00721CB59E8800AB873D /* 5minXTE */ = {
			isa = PBXGroup;
			children = (
				C66A00901CB59F2F00AB873D /* Parabole */,
				C672B3741CB5BB3A00283E09 /* Eventi */,
				C66A00871CB59F1000AB873D /* Indicazioni */,
				C6031F771CD4010E005C5811 /* Live */,
				C66A00A81CB5A00700AB873D /* Main.storyboard */,
				C6C060ED1CB69134009BBAC9 /* Assets.xcassets */,
				C66A00AD1CB5A04700AB873D /* TabBarViewController.swift */,
				C66A00B01CB5A05300AB873D /* AppDelegate.swift */,
				C66A00B41CB5A06A00AB873D /* LaunchScreen.storyboard */,
				C66A007F1CB59E8800AB873D /* Info.plist */,
			);
			path = 5minXTE;
			sourceTree = "<group>";
		};
		C66A00871CB59F1000AB873D /* Indicazioni */ = {
			isa = PBXGroup;
			children = (
				C66A00881CB59F2300AB873D /* IndicationsIcon.ico */,
				C66A00891CB59F2300AB873D /* Artwork.swift */,
				C66A008A1CB59F2300AB873D /* IndicazioniViewController.swift */,
				C66A008B1CB59F2300AB873D /* VCMapView.swift */,
			);
			name = Indicazioni;
			sourceTree = "<group>";
		};
		C66A00901CB59F2F00AB873D /* Parabole */ = {
			isa = PBXGroup;
			children = (
				C66A00A51CB59F7300AB873D /* View */,
				C66A009E1CB59F5200AB873D /* Controller */,
				C66A00911CB59F3700AB873D /* Model */,
			);
			name = Parabole;
			sourceTree = "<group>";
		};
		C66A00911CB59F3700AB873D /* Model */ = {
			isa = PBXGroup;
			children = (
				C66A00921CB59F4700AB873D /* ParaboleModel.swift */,
				C66A00931CB59F4700AB873D /* Parabola.swift */,
				C66A00941CB59F4700AB873D /* iduedebitoridelcreditore.html */,
				C66A00951CB59F4700AB873D /* ilbuonsamaritano.html */,
				C66A00961CB59F4700AB873D /* lapecoraeladracma.html */,
				C66A00971CB59F4700AB873D /* padremisericordioso.html */,
				C6530CBF1CD006CD00483A96 /* fariseopubblicano.html */,
				C6530CC01CD006CD00483A96 /* ilgiudiceelavedova.html */,
				C6530CC11CD006CD00483A96 /* ilriccoeilpoverolazzaro.html */,
				C6530CC21CD006CD00483A96 /* ladonnaadultera.html */,
				C6530CC31CD006CD00483A96 /* lasamaritanaalpozzodigiacobbe.html */,
				C6530CC41CD006CD00483A96 /* zaccheo.html */,
				C6C948241CD933D700C7B521 /* benvenuto.html */,
			);
			name = Model;
			sourceTree = "<group>";
		};
		C66A009E1CB59F5200AB873D /* Controller */ = {
			isa = PBXGroup;
			children = (
				C66A009F1CB59F6900AB873D /* ParabolaViewController.swift */,
				C66A00A01CB59F6900AB873D /* ParaboleChooserViewController.swift */,
				C66A00A11CB59F6900AB873D /* ParabolaTableViewController.swift */,
			);
			name = Controller;
			sourceTree = "<group>";
		};
		C66A00A51CB59F7300AB873D /* View */ = {
			isa = PBXGroup;
			children = (
				C66A00A61CB59F7B00AB873D /* ParabolaTableViewCell.swift */,
			);
			name = View;
			sourceTree = "<group>";
		};
		C672B3741CB5BB3A00283E09 /* Eventi */ = {
			isa = PBXGroup;
			children = (
				C672B3771CB5BB5900283E09 /* Model */,
				C672B3761CB5BB4F00283E09 /* View */,
				C672B3751CB5BB4600283E09 /* Controller */,
			);
			name = Eventi;
			sourceTree = "<group>";
		};
		C672B3751CB5BB4600283E09 /* Controller */ = {
			isa = PBXGroup;
			children = (
				C67D899E1CD3F97300B8B9AD /* EventiViewController.swift */,
				C67D899C1CD3F39400B8B9AD /* EventiTableViewController.swift */,
			);
			name = Controller;
			sourceTree = "<group>";
		};
		C672B3761CB5BB4F00283E09 /* View */ = {
			isa = PBXGroup;
			children = (
				C65DE5071CD3EEA6001F0166 /* EventiTableViewCell.swift */,
			);
			name = View;
			sourceTree = "<group>";
		};
		C672B3771CB5BB5900283E09 /* Model */ = {
			isa = PBXGroup;
			children = (
			);
			name = Model;
			sourceTree = "<group>";
		};
		F3FC22D0526D4FAC957AE865 /* Frameworks */ = {
			isa = PBXGroup;
			children = (
				9CCB240462736C8E25FA04C1 /* libPods-5minXTE.a */,
			);
			name = Frameworks;
			sourceTree = "<group>";
		};
/* End PBXGroup section */

/* Begin PBXNativeTarget section */
		C66A006F1CB59E8800AB873D /* 5minXTE */ = {
			isa = PBXNativeTarget;
			buildConfigurationList = C66A00821CB59E8800AB873D /* Build configuration list for PBXNativeTarget "5minXTE" */;
			buildPhases = (
				56980EE09C7C79780D14D917 /* 📦 Check Pods Manifest.lock */,
				C66A006C1CB59E8800AB873D /* Sources */,
				C66A006D1CB59E8800AB873D /* Frameworks */,
				C66A006E1CB59E8800AB873D /* Resources */,
				7D95666F991046B710F44DD7 /* 📦 Embed Pods Frameworks */,
				30B323698B13BACD0AD38EE1 /* 📦 Copy Pods Resources */,
			);
			buildRules = (
			);
			dependencies = (
			);
			name = 5minXTE;
			productName = 5minXTE;
			productReference = C66A00701CB59E8800AB873D /* 5minXTE.app */;
			productType = "com.apple.product-type.application";
		};
/* End PBXNativeTarget section */

/* Begin PBXProject section */
		C66A00681CB59E8800AB873D /* Project object */ = {
			isa = PBXProject;
			attributes = {
				LastSwiftUpdateCheck = 0730;
				LastUpgradeCheck = 0730;
				ORGANIZATIONNAME = "Luca Christille";
				TargetAttributes = {
					C66A006F1CB59E8800AB873D = {
						CreatedOnToolsVersion = 7.3;
						DevelopmentTeam = S53RH5DG2H;
						LastSwiftMigration = 0820;
						SystemCapabilities = {
							com.apple.Maps.iOS = {
								enabled = 1;
							};
						};
					};
				};
			};
			buildConfigurationList = C66A006B1CB59E8800AB873D /* Build configuration list for PBXProject "5minXTE" */;
			compatibilityVersion = "Xcode 3.2";
			developmentRegion = English;
			hasScannedForEncodings = 0;
			knownRegions = (
				en,
				Base,
			);
			mainGroup = C66A00671CB59E8800AB873D;
			productRefGroup = C66A00711CB59E8800AB873D /* Products */;
			projectDirPath = "";
			projectRoot = "";
			targets = (
				C66A006F1CB59E8800AB873D /* 5minXTE */,
			);
		};
/* End PBXProject section */

/* Begin PBXResourcesBuildPhase section */
		C66A006E1CB59E8800AB873D /* Resources */ = {
			isa = PBXResourcesBuildPhase;
			buildActionMask = 2147483647;
			files = (
				C66A009D1CB59F4700AB873D /* padremisericordioso.html in Resources */,
				C66A00B51CB5A06A00AB873D /* LaunchScreen.storyboard in Resources */,
				C6530CC91CD006CD00483A96 /* lasamaritanaalpozzodigiacobbe.html in Resources */,
				C66A009A1CB59F4700AB873D /* iduedebitoridelcreditore.html in Resources */,
				C66A009C1CB59F4700AB873D /* lapecoraeladracma.html in Resources */,
				C66A00A91CB5A00700AB873D /* Main.storyboard in Resources */,
				C66A008C1CB59F2300AB873D /* IndicationsIcon.ico in Resources */,
				C6530CC81CD006CD00483A96 /* ladonnaadultera.html in Resources */,
				C6C948251CD933D700C7B521 /* benvenuto.html in Resources */,
				C6530CCA1CD006CD00483A96 /* zaccheo.html in Resources */,
				C6C060EE1CB69134009BBAC9 /* Assets.xcassets in Resources */,
				C6530CC51CD006CD00483A96 /* fariseopubblicano.html in Resources */,
				C6530CC61CD006CD00483A96 /* ilgiudiceelavedova.html in Resources */,
				C66A009B1CB59F4700AB873D /* ilbuonsamaritano.html in Resources */,
				C6530CC71CD006CD00483A96 /* ilriccoeilpoverolazzaro.html in Resources */,
			);
			runOnlyForDeploymentPostprocessing = 0;
		};
/* End PBXResourcesBuildPhase section */

/* Begin PBXShellScriptBuildPhase section */
		30B323698B13BACD0AD38EE1 /* 📦 Copy Pods Resources */ = {
			isa = PBXShellScriptBuildPhase;
			buildActionMask = 2147483647;
			files = (
			);
			inputPaths = (
			);
			name = "📦 Copy Pods Resources";
			outputPaths = (
			);
			runOnlyForDeploymentPostprocessing = 0;
			shellPath = /bin/sh;
			shellScript = "\"${SRCROOT}/Pods/Target Support Files/Pods-5minXTE/Pods-5minXTE-resources.sh\"\n";
			showEnvVarsInLog = 0;
		};
		56980EE09C7C79780D14D917 /* 📦 Check Pods Manifest.lock */ = {
			isa = PBXShellScriptBuildPhase;
			buildActionMask = 2147483647;
			files = (
			);
			inputPaths = (
			);
			name = "📦 Check Pods Manifest.lock";
			outputPaths = (
			);
			runOnlyForDeploymentPostprocessing = 0;
			shellPath = /bin/sh;
			shellScript = "diff \"${PODS_ROOT}/../Podfile.lock\" \"${PODS_ROOT}/Manifest.lock\" > /dev/null\nif [[ $? != 0 ]] ; then\n    cat << EOM\nerror: The sandbox is not in sync with the Podfile.lock. Run 'pod install' or update your CocoaPods installation.\nEOM\n    exit 1\nfi\n";
			showEnvVarsInLog = 0;
		};
		7D95666F991046B710F44DD7 /* 📦 Embed Pods Frameworks */ = {
			isa = PBXShellScriptBuildPhase;
			buildActionMask = 2147483647;
			files = (
			);
			inputPaths = (
			);
			name = "📦 Embed Pods Frameworks";
			outputPaths = (
			);
			runOnlyForDeploymentPostprocessing = 0;
			shellPath = /bin/sh;
			shellScript = "\"${SRCROOT}/Pods/Target Support Files/Pods-5minXTE/Pods-5minXTE-frameworks.sh\"\n";
			showEnvVarsInLog = 0;
		};
/* End PBXShellScriptBuildPhase section */

/* Begin PBXSourcesBuildPhase section */
		C66A006C1CB59E8800AB873D /* Sources */ = {
			isa = PBXSourcesBuildPhase;
			buildActionMask = 2147483647;
			files = (
				C66A00A21CB59F6900AB873D /* ParabolaViewController.swift in Sources */,
				C66A00A31CB59F6900AB873D /* ParaboleChooserViewController.swift in Sources */,
				C66A00A41CB59F6900AB873D /* ParabolaTableViewController.swift in Sources */,
				C66A008D1CB59F2300AB873D /* Artwork.swift in Sources */,
				C66A00AF1CB5A04700AB873D /* TabBarViewController.swift in Sources */,
				C66A00AB1CB5A03800AB873D /* LiveViewController.swift in Sources */,
				C66A008F1CB59F2300AB873D /* VCMapView.swift in Sources */,
				C66A00B11CB5A05300AB873D /* AppDelegate.swift in Sources */,
				C66A00991CB59F4700AB873D /* Parabola.swift in Sources */,
				C65DE5081CD3EEA6001F0166 /* EventiTableViewCell.swift in Sources */,
				C67D899D1CD3F39400B8B9AD /* EventiTableViewController.swift in Sources */,
				C66A008E1CB59F2300AB873D /* IndicazioniViewController.swift in Sources */,
				C66A00981CB59F4700AB873D /* ParaboleModel.swift in Sources */,
				C67D899F1CD3F97300B8B9AD /* EventiViewController.swift in Sources */,
				C66A00A71CB59F7B00AB873D /* ParabolaTableViewCell.swift in Sources */,
			);
			runOnlyForDeploymentPostprocessing = 0;
		};
/* End PBXSourcesBuildPhase section */

/* Begin XCBuildConfiguration section */
		C66A00801CB59E8800AB873D /* Debug */ = {
			isa = XCBuildConfiguration;
			buildSettings = {
				ALWAYS_SEARCH_USER_PATHS = NO;
				CLANG_ANALYZER_NONNULL = YES;
				CLANG_CXX_LANGUAGE_STANDARD = "gnu++0x";
				CLANG_CXX_LIBRARY = "libc++";
				CLANG_ENABLE_MODULES = YES;
				CLANG_ENABLE_OBJC_ARC = YES;
				CLANG_WARN_BOOL_CONVERSION = YES;
				CLANG_WARN_CONSTANT_CONVERSION = YES;
				CLANG_WARN_DIRECT_OBJC_ISA_USAGE = YES_ERROR;
				CLANG_WARN_EMPTY_BODY = YES;
				CLANG_WARN_ENUM_CONVERSION = YES;
				CLANG_WARN_INT_CONVERSION = YES;
				CLANG_WARN_OBJC_ROOT_CLASS = YES_ERROR;
				CLANG_WARN_UNREACHABLE_CODE = YES;
				CLANG_WARN__DUPLICATE_METHOD_MATCH = YES;
				"CODE_SIGN_IDENTITY[sdk=iphoneos*]" = "iPhone Developer";
				COPY_PHASE_STRIP = NO;
				DEBUG_INFORMATION_FORMAT = dwarf;
				ENABLE_STRICT_OBJC_MSGSEND = YES;
				ENABLE_TESTABILITY = YES;
				GCC_C_LANGUAGE_STANDARD = gnu99;
				GCC_DYNAMIC_NO_PIC = NO;
				GCC_NO_COMMON_BLOCKS = YES;
				GCC_OPTIMIZATION_LEVEL = 0;
				GCC_PREPROCESSOR_DEFINITIONS = (
					"DEBUG=1",
					"$(inherited)",
				);
				GCC_WARN_64_TO_32_BIT_CONVERSION = YES;
				GCC_WARN_ABOUT_RETURN_TYPE = YES_ERROR;
				GCC_WARN_UNDECLARED_SELECTOR = YES;
				GCC_WARN_UNINITIALIZED_AUTOS = YES_AGGRESSIVE;
				GCC_WARN_UNUSED_FUNCTION = YES;
				GCC_WARN_UNUSED_VARIABLE = YES;
				IPHONEOS_DEPLOYMENT_TARGET = 9.3;
				MTL_ENABLE_DEBUG_INFO = YES;
				ONLY_ACTIVE_ARCH = YES;
				SDKROOT = iphoneos;
				SWIFT_OPTIMIZATION_LEVEL = "-Onone";
				TARGETED_DEVICE_FAMILY = "1,2";
			};
			name = Debug;
		};
		C66A00811CB59E8800AB873D /* Release */ = {
			isa = XCBuildConfiguration;
			buildSettings = {
				ALWAYS_SEARCH_USER_PATHS = NO;
				CLANG_ANALYZER_NONNULL = YES;
				CLANG_CXX_LANGUAGE_STANDARD = "gnu++0x";
				CLANG_CXX_LIBRARY = "libc++";
				CLANG_ENABLE_MODULES = YES;
				CLANG_ENABLE_OBJC_ARC = YES;
				CLANG_WARN_BOOL_CONVERSION = YES;
				CLANG_WARN_CONSTANT_CONVERSION = YES;
				CLANG_WARN_DIRECT_OBJC_ISA_USAGE = YES_ERROR;
				CLANG_WARN_EMPTY_BODY = YES;
				CLANG_WARN_ENUM_CONVERSION = YES;
				CLANG_WARN_INT_CONVERSION = YES;
				CLANG_WARN_OBJC_ROOT_CLASS = YES_ERROR;
				CLANG_WARN_UNREACHABLE_CODE = YES;
				CLANG_WARN__DUPLICATE_METHOD_MATCH = YES;
				"CODE_SIGN_IDENTITY[sdk=iphoneos*]" = "iPhone Developer";
				COPY_PHASE_STRIP = NO;
				DEBUG_INFORMATION_FORMAT = "dwarf-with-dsym";
				ENABLE_NS_ASSERTIONS = NO;
				ENABLE_STRICT_OBJC_MSGSEND = YES;
				GCC_C_LANGUAGE_STANDARD = gnu99;
				GCC_NO_COMMON_BLOCKS = YES;
				GCC_WARN_64_TO_32_BIT_CONVERSION = YES;
				GCC_WARN_ABOUT_RETURN_TYPE = YES_ERROR;
				GCC_WARN_UNDECLARED_SELECTOR = YES;
				GCC_WARN_UNINITIALIZED_AUTOS = YES_AGGRESSIVE;
				GCC_WARN_UNUSED_FUNCTION = YES;
				GCC_WARN_UNUSED_VARIABLE = YES;
				IPHONEOS_DEPLOYMENT_TARGET = 9.3;
				MTL_ENABLE_DEBUG_INFO = NO;
				SDKROOT = iphoneos;
				TARGETED_DEVICE_FAMILY = "1,2";
				VALIDATE_PRODUCT = YES;
			};
			name = Release;
		};
		C66A00831CB59E8800AB873D /* Debug */ = {
			isa = XCBuildConfiguration;
			baseConfigurationReference = 51456C2DCE192C31FC20465A /* Pods-5minXTE.debug.xcconfig */;
			buildSettings = {
				ASSETCATALOG_COMPILER_APPICON_NAME = AppIcon;
				ASSETCATALOG_COMPILER_LAUNCHIMAGE_NAME = LaunchImage;
				CODE_SIGN_IDENTITY = "iPhone Developer";
				INFOPLIST_FILE = 5minXTE/Info.plist;
				IPHONEOS_DEPLOYMENT_TARGET = 9.0;
				LD_RUNPATH_SEARCH_PATHS = "$(inherited) @executable_path/Frameworks";
				PRODUCT_BUNDLE_IDENTIFIER = it.oltrenuovefrontiere.5minXTE;
				PRODUCT_NAME = "$(TARGET_NAME)";
				SWIFT_VERSION = 3.0;
				TARGETED_DEVICE_FAMILY = 1;
			};
			name = Debug;
		};
		C66A00841CB59E8800AB873D /* Release */ = {
			isa = XCBuildConfiguration;
			baseConfigurationReference = 84683C9B9D8FFFB1544E59C4 /* Pods-5minXTE.release.xcconfig */;
			buildSettings = {
				ASSETCATALOG_COMPILER_APPICON_NAME = AppIcon;
				ASSETCATALOG_COMPILER_LAUNCHIMAGE_NAME = LaunchImage;
				CODE_SIGN_IDENTITY = "iPhone Developer";
				INFOPLIST_FILE = 5minXTE/Info.plist;
				IPHONEOS_DEPLOYMENT_TARGET = 9.0;
				LD_RUNPATH_SEARCH_PATHS = "$(inherited) @executable_path/Frameworks";
				PRODUCT_BUNDLE_IDENTIFIER = it.oltrenuovefrontiere.5minXTE;
				PRODUCT_NAME = "$(TARGET_NAME)";
				SWIFT_VERSION = 3.0;
				TARGETED_DEVICE_FAMILY = 1;
			};
			name = Release;
		};
/* End XCBuildConfiguration section */

/* Begin XCConfigurationList section */
		C66A006B1CB59E8800AB873D /* Build configuration list for PBXProject "5minXTE" */ = {
			isa = XCConfigurationList;
			buildConfigurations = (
				C66A00801CB59E8800AB873D /* Debug */,
				C66A00811CB59E8800AB873D /* Release */,
			);
			defaultConfigurationIsVisible = 0;
			defaultConfigurationName = Release;
		};
		C66A00821CB59E8800AB873D /* Build configuration list for PBXNativeTarget "5minXTE" */ = {
			isa = XCConfigurationList;
			buildConfigurations = (
				C66A00831CB59E8800AB873D /* Debug */,
				C66A00841CB59E8800AB873D /* Release */,
			);
			defaultConfigurationIsVisible = 0;
			defaultConfigurationName = Release;
		};
/* End XCConfigurationList section */
	};
	rootObject = C66A00681CB59E8800AB873D /* Project object */;
}
